
Microsoft Visual Studio Solution File, Format Version 12.00
Project("{FAE04EC0-301F-11D3-BF4B-00C04F79EFBC}") = "ParentProject", "ParentProject\ParentProject.csproj", "{40F2BF8F-6BB4-447A-8AD9-B36E13A920D7}"
EndProject
Project("{FAE04EC0-301F-11D3-BF4B-00C04F79EFBC}") = "ChildProject", "ChildProject\ChildProject.csproj", "{AE8BEDFB-6BDB-4491-8B4F-2DDD983CBD3A}"
EndProject
Global
	GlobalSection(SolutionConfigurationPlatforms) = preSolution
		Debug|Any CPU = Debug|Any CPU
		Release|Any CPU = Release|Any CPU
	EndGlobalSection
	GlobalSection(ProjectConfigurationPlatforms) = postSolution
		{40F2BF8F-6BB4-447A-8AD9-B36E13A920D7}.Debug|Any CPU.ActiveCfg = Debug|Any CPU
		{40F2BF8F-6BB4-447A-8AD9-B36E13A920D7}.Debug|Any CPU.Build.0 = Debug|Any CPU
		{40F2BF8F-6BB4-447A-8AD9-B36E13A920D7}.Release|Any CPU.ActiveCfg = Release|Any CPU
		{40F2BF8F-6BB4-447A-8AD9-B36E13A920D7}.Release|Any CPU.Build.0 = Release|Any CPU
		{AE8BEDFB-6BDB-4491-8B4F-2DDD983CBD3A}.Debug|Any CPU.ActiveCfg = Debug|Any CPU
		{AE8BEDFB-6BDB-4491-8B4F-2DDD983CBD3A}.Debug|Any CPU.Build.0 = Debug|Any CPU
		{AE8BEDFB-6BDB-4491-8B4F-2DDD983CBD3A}.Release|Any CPU.ActiveCfg = Release|Any CPU
		{AE8BEDFB-6BDB-4491-8B4F-2DDD983CBD3A}.Release|Any CPU.Build.0 = Release|Any CPU
	EndGlobalSection
EndGlobal
